// !$*UTF8*$!
{
	archiveVersion = 1;
	classes = {
	};
	objectVersion = 46;
	objects = {

/* Begin PBXBuildFile section */
		7B04EF9817FC4728006087EB /* UIKit.framework in Frameworks */ = {isa = PBXBuildFile; fileRef = 7B04EF9717FC4728006087EB /* UIKit.framework */; };
		7B04EF9A17FC4728006087EB /* Foundation.framework in Frameworks */ = {isa = PBXBuildFile; fileRef = 7B04EF9917FC4728006087EB /* Foundation.framework */; };
		7B04EF9C17FC4728006087EB /* CoreGraphics.framework in Frameworks */ = {isa = PBXBuildFile; fileRef = 7B04EF9B17FC4728006087EB /* CoreGraphics.framework */; };
		7B04EFA217FC4728006087EB /* InfoPlist.strings in Resources */ = {isa = PBXBuildFile; fileRef = 7B04EFA017FC4728006087EB /* InfoPlist.strings */; };
		7B04EFA417FC4728006087EB /* main.m in Sources */ = {isa = PBXBuildFile; fileRef = 7B04EFA317FC4728006087EB /* main.m */; };
		7B04EFA817FC4728006087EB /* jjkAppDelegate.m in Sources */ = {isa = PBXBuildFile; fileRef = 7B04EFA717FC4728006087EB /* jjkAppDelegate.m */; };
		7B04EFAA17FC4728006087EB /* Default.png in Resources */ = {isa = PBXBuildFile; fileRef = 7B04EFA917FC4728006087EB /* Default.png */; };
		7B04EFB117FC4729006087EB /* MainStoryboard.storyboard in Resources */ = {isa = PBXBuildFile; fileRef = 7B04EFAF17FC4729006087EB /* MainStoryboard.storyboard */; };
		7B04EFB417FC4729006087EB /* jjkViewController.m in Sources */ = {isa = PBXBuildFile; fileRef = 7B04EFB317FC4729006087EB /* jjkViewController.m */; };
		7B04EFBC17FC48D9006087EB /* jjkTableViewController.m in Sources */ = {isa = PBXBuildFile; fileRef = 7B04EFBB17FC48D9006087EB /* jjkTableViewController.m */; };
		7B04EFBF17FC48F1006087EB /* Model.m in Sources */ = {isa = PBXBuildFile; fileRef = 7B04EFBE17FC48F1006087EB /* Model.m */; };
		7B04EFDB17FC624B006087EB /* libcrypto.a in Frameworks */ = {isa = PBXBuildFile; fileRef = 7B04EFD417FC624B006087EB /* libcrypto.a */; };
		7B04EFDC17FC624B006087EB /* liblber.a in Frameworks */ = {isa = PBXBuildFile; fileRef = 7B04EFD517FC624B006087EB /* liblber.a */; };
		7B04EFDD17FC624B006087EB /* libldap.a in Frameworks */ = {isa = PBXBuildFile; fileRef = 7B04EFD617FC624B006087EB /* libldap.a */; };
		7B04EFDE17FC624B006087EB /* libsasl2.a in Frameworks */ = {isa = PBXBuildFile; fileRef = 7B04EFD717FC624B006087EB /* libsasl2.a */; };
		7B04EFDF17FC624B006087EB /* libssl.a in Frameworks */ = {isa = PBXBuildFile; fileRef = 7B04EFD817FC624B006087EB /* libssl.a */; };
		7B04EFE017FC624B006087EB /* RHLDAPSearch.m in Sources */ = {isa = PBXBuildFile; fileRef = 7B04EFDA17FC624B006087EB /* RHLDAPSearch.m */; };
		7B1E784218077526008F343A /* i4.png in Resources */ = {isa = PBXBuildFile; fileRef = 7B1E784018077526008F343A /* i4.png */; };
		7B1E784318077526008F343A /* i5.png in Resources */ = {isa = PBXBuildFile; fileRef = 7B1E784118077526008F343A /* i5.png */; };
		7B1E7849180775BD008F343A /* tabbutton.png in Resources */ = {isa = PBXBuildFile; fileRef = 7B1E7848180775BD008F343A /* tabbutton.png */; };
		7B1E784F1807771D008F343A /* psuicon.png in Resources */ = {isa = PBXBuildFile; fileRef = 7B1E784E1807771D008F343A /* psuicon.png */; };
		7B1E785018077A57008F343A /* Default-568h@2x.png in Resources */ = {isa = PBXBuildFile; fileRef = 7B1E784418077533008F343A /* Default-568h@2x.png */; };
		7B1E785118077A5E008F343A /* Default@2x.png in Resources */ = {isa = PBXBuildFile; fileRef = 7B1E784618077537008F343A /* Default@2x.png */; };
		7B49FC4B182987DE00A4E6C6 /* CoreLocation.framework in Frameworks */ = {isa = PBXBuildFile; fileRef = 7B49FC4A182987DE00A4E6C6 /* CoreLocation.framework */; };
		7B49FC4D182987EE00A4E6C6 /* AddressBook.framework in Frameworks */ = {isa = PBXBuildFile; fileRef = 7B49FC4C182987EE00A4E6C6 /* AddressBook.framework */; };
		7B49FC4F1829880800A4E6C6 /* MapKit.framework in Frameworks */ = {isa = PBXBuildFile; fileRef = 7B49FC4E1829880800A4E6C6 /* MapKit.framework */; };
		7B49FC521829902700A4E6C6 /* jjkMapViewController.m in Sources */ = {isa = PBXBuildFile; fileRef = 7B49FC511829902700A4E6C6 /* jjkMapViewController.m */; };
		7B6592A31821DF4700025CAE /* jjkAddBuildingViewController.m in Sources */ = {isa = PBXBuildFile; fileRef = 7B6592A21821DF4700025CAE /* jjkAddBuildingViewController.m */; };
		7B8CFAC6180377E5004365AB /* agadmin.jpg in Resources */ = {isa = PBXBuildFile; fileRef = 7B8CFAA6180377E5004365AB /* agadmin.jpg */; };
		7B8CFAC7180377E5004365AB /* ageng.jpg in Resources */ = {isa = PBXBuildFile; fileRef = 7B8CFAA7180377E5004365AB /* ageng.jpg */; };
		7B8CFAC8180377E5004365AB /* appliedscience.jpg in Resources */ = {isa = PBXBuildFile; fileRef = 7B8CFAA8180377E5004365AB /* appliedscience.jpg */; };
		7B8CFAC9180377E5004365AB /* armsby.jpg in Resources */ = {isa = PBXBuildFile; fileRef = 7B8CFAA9180377E5004365AB /* armsby.jpg */; };
		7B8CFACA180377E5004365AB /* arts.jpg in Resources */ = {isa = PBXBuildFile; fileRef = 7B8CFAAA180377E5004365AB /* arts.jpg */; };
		7B8CFACB180377E5004365AB /* atherton.jpg in Resources */ = {isa = PBXBuildFile; fileRef = 7B8CFAAB180377E5004365AB /* atherton.jpg */; };
		7B8CFACC180377E5004365AB /* beaver.jpg in Resources */ = {isa = PBXBuildFile; fileRef = 7B8CFAAC180377E5004365AB /* beaver.jpg */; };
		7B8CFACD180377E5004365AB /* biomechanics.jpg in Resources */ = {isa = PBXBuildFile; fileRef = 7B8CFAAD180377E5004365AB /* biomechanics.jpg */; };
		7B8CFACE180377E5004365AB /* borland.jpg in Resources */ = {isa = PBXBuildFile; fileRef = 7B8CFAAE180377E5004365AB /* borland.jpg */; };
		7B8CFACF180377E5004365AB /* boucke.jpg in Resources */ = {isa = PBXBuildFile; fileRef = 7B8CFAAF180377E5004365AB /* boucke.jpg */; };
		7B8CFAD0180377E5004365AB /* brumbaugh.jpg in Resources */ = {isa = PBXBuildFile; fileRef = 7B8CFAB0180377E5004365AB /* brumbaugh.jpg */; };
		7B8CFAD1180377E5004365AB /* brycejordan.jpg in Resources */ = {isa = PBXBuildFile; fileRef = 7B8CFAB1180377E5004365AB /* brycejordan.jpg */; };
		7B8CFAD2180377E5004365AB /* buckhout.jpg in Resources */ = {isa = PBXBuildFile; fileRef = 7B8CFAB2180377E5004365AB /* buckhout.jpg */; };
		7B8CFAD3180377E5004365AB /* burrowes.jpg in Resources */ = {isa = PBXBuildFile; fileRef = 7B8CFAB3180377E5004365AB /* burrowes.jpg */; };
		7B8CFAD4180377E5004365AB /* businessbuilding.jpg in Resources */ = {isa = PBXBuildFile; fileRef = 7B8CFAB4180377E5004365AB /* businessbuilding.jpg */; };
		7B8CFAD5180377E5004365AB /* carnegie.jpg in Resources */ = {isa = PBXBuildFile; fileRef = 7B8CFAB5180377E5004365AB /* carnegie.jpg */; };
		7B8CFAD6180377E5004365AB /* carpenter.jpg in Resources */ = {isa = PBXBuildFile; fileRef = 7B8CFAB6180377E5004365AB /* carpenter.jpg */; };
		7B8CFAD7180377E5004365AB /* chambers.jpg in Resources */ = {isa = PBXBuildFile; fileRef = 7B8CFAB7180377E5004365AB /* chambers.jpg */; };
		7B8CFAD8180377E5004365AB /* chandlee.jpg in Resources */ = {isa = PBXBuildFile; fileRef = 7B8CFAB8180377E5004365AB /* chandlee.jpg */; };
		7B8CFAD9180377E5004365AB /* chapel.jpg in Resources */ = {isa = PBXBuildFile; fileRef = 7B8CFAB9180377E5004365AB /* chapel.jpg */; };
		7B8CFADA180377E5004365AB /* chemistry.jpg in Resources */ = {isa = PBXBuildFile; fileRef = 7B8CFABA180377E5004365AB /* chemistry.jpg */; };
		7B8CFADB180377E5004365AB /* computer.jpg in Resources */ = {isa = PBXBuildFile; fileRef = 7B8CFABB180377E5004365AB /* computer.jpg */; };
		7B8CFADC180377E5004365AB /* davey.jpg in Resources */ = {isa = PBXBuildFile; fileRef = 7B8CFABC180377E5004365AB /* davey.jpg */; };
		7B8CFADD180377E5004365AB /* deike.jpg in Resources */ = {isa = PBXBuildFile; fileRef = 7B8CFABD180377E5004365AB /* deike.jpg */; };
		7B8CFADE180377E5004365AB /* earthengineeringsciences.jpg in Resources */ = {isa = PBXBuildFile; fileRef = 7B8CFABE180377E5004365AB /* earthengineeringsciences.jpg */; };
		7B8CFADF180377E5004365AB /* eeeast.jpg in Resources */ = {isa = PBXBuildFile; fileRef = 7B8CFABF180377E5004365AB /* eeeast.jpg */; };
		7B8CFAE0180377E5004365AB /* eewest.jpg in Resources */ = {isa = PBXBuildFile; fileRef = 7B8CFAC0180377E5004365AB /* eewest.jpg */; };
		7B8CFAE1180377E5004365AB /* eisenhower.jpg in Resources */ = {isa = PBXBuildFile; fileRef = 7B8CFAC1180377E5004365AB /* eisenhower.jpg */; };
		7B8CFAE2180377E5004365AB /* eisenhowerparking.jpg in Resources */ = {isa = PBXBuildFile; fileRef = 7B8CFAC2180377E5004365AB /* eisenhowerparking.jpg */; };
		7B8CFAE3180377E5004365AB /* engunit.jpg in Resources */ = {isa = PBXBuildFile; fileRef = 7B8CFAC3180377E5004365AB /* engunit.jpg */; };
		7B8CFAE4180377E5004365AB /* smeal.jpg in Resources */ = {isa = PBXBuildFile; fileRef = 7B8CFAC4180377E5004365AB /* smeal.jpg */; };
		7B8CFAE5180377E5004365AB /* buildings.plist in Resources */ = {isa = PBXBuildFile; fileRef = 7B8CFAC5180377E5004365AB /* buildings.plist */; };
		7B8CFAF3180383D5004365AB /* jjkBuildingViewController.m in Sources */ = {isa = PBXBuildFile; fileRef = 7B8CFAF2180383D5004365AB /* jjkBuildingViewController.m */; };
		7B9E5619180DCF1C0082955D /* jjkOptionsViewController.m in Sources */ = {isa = PBXBuildFile; fileRef = 7B9E5618180DCF1C0082955D /* jjkOptionsViewController.m */; };
		7B9E5621180DD41D0082955D /* jjkConstants.m in Sources */ = {isa = PBXBuildFile; fileRef = 7B9E5620180DD41D0082955D /* jjkConstants.m */; };
		7B9E562C180F32BA0082955D /* jjkBuildingInfo.m in Sources */ = {isa = PBXBuildFile; fileRef = 7B9E562B180F32BA0082955D /* jjkBuildingInfo.m */; };
		7BA2A42B18061B00004B938A /* jjkDetailedInfoViewController.m in Sources */ = {isa = PBXBuildFile; fileRef = 7BA2A42A18061B00004B938A /* jjkDetailedInfoViewController.m */; };
		7BA2A44218063E6A004B938A /* jjkBuildingPhotoViewController.m in Sources */ = {isa = PBXBuildFile; fileRef = 7BA2A44118063E6A004B938A /* jjkBuildingPhotoViewController.m */; };
		7BB90F0F181F1240001C28B5 /* jjkBuildingInfoViewController.m in Sources */ = {isa = PBXBuildFile; fileRef = 7BB90F0E181F1240001C28B5 /* jjkBuildingInfoViewController.m */; };
		7BC1EDD51815CD680095C90E /* CoreData.framework in Frameworks */ = {isa = PBXBuildFile; fileRef = 7BC1EDD21815CD370095C90E /* CoreData.framework */; };
		7BC1EDF91815D8260095C90E /* Buildings.xcdatamodeld in Sources */ = {isa = PBXBuildFile; fileRef = 7BC1EDF71815D8260095C90E /* Buildings.xcdatamodeld */; };
		7BC1EDFF1815D9950095C90E /* MyDataManager.m in Sources */ = {isa = PBXBuildFile; fileRef = 7BC1EDFE1815D9950095C90E /* MyDataManager.m */; };
		7BC1EE021815DB7A0095C90E /* Building.m in Sources */ = {isa = PBXBuildFile; fileRef = 7BC1EE011815DB7A0095C90E /* Building.m */; };
		7BC1EE071815E1A50095C90E /* DataManager.m in Sources */ = {isa = PBXBuildFile; fileRef = 7BC1EDD71815CE0A0095C90E /* DataManager.m */; };
		7BC1EE091815E1AF0095C90E /* DataSource.m in Sources */ = {isa = PBXBuildFile; fileRef = 7BC1EDDA1815CE0A0095C90E /* DataSource.m */; };
		7BF1F8961818A9C500493523 /* Building+Name.m in Sources */ = {isa = PBXBuildFile; fileRef = 7BF1F8951818A9C500493523 /* Building+Name.m */; };
/* End PBXBuildFile section */

/* Begin PBXFileReference section */
		7B04EF9317FC4728006087EB /* PennStateSearch.app */ = {isa = PBXFileReference; explicitFileType = wrapper.application; includeInIndex = 0; path = PennStateSearch.app; sourceTree = BUILT_PRODUCTS_DIR; };
		7B04EF9717FC4728006087EB /* UIKit.framework */ = {isa = PBXFileReference; lastKnownFileType = wrapper.framework; name = UIKit.framework; path = System/Library/Frameworks/UIKit.framework; sourceTree = SDKROOT; };
		7B04EF9917FC4728006087EB /* Foundation.framework */ = {isa = PBXFileReference; lastKnownFileType = wrapper.framework; name = Foundation.framework; path = System/Library/Frameworks/Foundation.framework; sourceTree = SDKROOT; };
		7B04EF9B17FC4728006087EB /* CoreGraphics.framework */ = {isa = PBXFileReference; lastKnownFileType = wrapper.framework; name = CoreGraphics.framework; path = System/Library/Frameworks/CoreGraphics.framework; sourceTree = SDKROOT; };
		7B04EF9F17FC4728006087EB /* PennStateSearch-Info.plist */ = {isa = PBXFileReference; lastKnownFileType = text.plist.xml; path = "PennStateSearch-Info.plist"; sourceTree = "<group>"; };
		7B04EFA117FC4728006087EB /* en */ = {isa = PBXFileReference; lastKnownFileType = text.plist.strings; name = en; path = en.lproj/InfoPlist.strings; sourceTree = "<group>"; };
		7B04EFA317FC4728006087EB /* main.m */ = {isa = PBXFileReference; lastKnownFileType = sourcecode.c.objc; path = main.m; sourceTree = "<group>"; };
		7B04EFA517FC4728006087EB /* PennStateSearch-Prefix.pch */ = {isa = PBXFileReference; lastKnownFileType = sourcecode.c.h; path = "PennStateSearch-Prefix.pch"; sourceTree = "<group>"; };
		7B04EFA617FC4728006087EB /* jjkAppDelegate.h */ = {isa = PBXFileReference; lastKnownFileType = sourcecode.c.h; path = jjkAppDelegate.h; sourceTree = "<group>"; };
		7B04EFA717FC4728006087EB /* jjkAppDelegate.m */ = {isa = PBXFileReference; lastKnownFileType = sourcecode.c.objc; path = jjkAppDelegate.m; sourceTree = "<group>"; };
		7B04EFA917FC4728006087EB /* Default.png */ = {isa = PBXFileReference; lastKnownFileType = image.png; path = Default.png; sourceTree = "<group>"; };
		7B04EFB017FC4729006087EB /* en */ = {isa = PBXFileReference; lastKnownFileType = file.storyboard; name = en; path = en.lproj/MainStoryboard.storyboard; sourceTree = "<group>"; };
		7B04EFB217FC4729006087EB /* jjkViewController.h */ = {isa = PBXFileReference; lastKnownFileType = sourcecode.c.h; path = jjkViewController.h; sourceTree = "<group>"; };
		7B04EFB317FC4729006087EB /* jjkViewController.m */ = {isa = PBXFileReference; lastKnownFileType = sourcecode.c.objc; path = jjkViewController.m; sourceTree = "<group>"; };
		7B04EFBA17FC48D9006087EB /* jjkTableViewController.h */ = {isa = PBXFileReference; fileEncoding = 4; lastKnownFileType = sourcecode.c.h; path = jjkTableViewController.h; sourceTree = "<group>"; };
		7B04EFBB17FC48D9006087EB /* jjkTableViewController.m */ = {isa = PBXFileReference; fileEncoding = 4; lastKnownFileType = sourcecode.c.objc; path = jjkTableViewController.m; sourceTree = "<group>"; };
		7B04EFBD17FC48F1006087EB /* Model.h */ = {isa = PBXFileReference; fileEncoding = 4; lastKnownFileType = sourcecode.c.h; path = Model.h; sourceTree = "<group>"; };
		7B04EFBE17FC48F1006087EB /* Model.m */ = {isa = PBXFileReference; fileEncoding = 4; lastKnownFileType = sourcecode.c.objc; path = Model.m; sourceTree = "<group>"; };
		7B04EFCC17FC624B006087EB /* lber.h */ = {isa = PBXFileReference; fileEncoding = 4; lastKnownFileType = sourcecode.c.h; path = lber.h; sourceTree = "<group>"; };
		7B04EFCD17FC624B006087EB /* lber_types.h */ = {isa = PBXFileReference; fileEncoding = 4; lastKnownFileType = sourcecode.c.h; path = lber_types.h; sourceTree = "<group>"; };
		7B04EFCE17FC624B006087EB /* ldap.h */ = {isa = PBXFileReference; fileEncoding = 4; lastKnownFileType = sourcecode.c.h; path = ldap.h; sourceTree = "<group>"; };
		7B04EFCF17FC624B006087EB /* ldap_cdefs.h */ = {isa = PBXFileReference; fileEncoding = 4; lastKnownFileType = sourcecode.c.h; path = ldap_cdefs.h; sourceTree = "<group>"; };
		7B04EFD017FC624B006087EB /* ldap_features.h */ = {isa = PBXFileReference; fileEncoding = 4; lastKnownFileType = sourcecode.c.h; path = ldap_features.h; sourceTree = "<group>"; };
		7B04EFD117FC624B006087EB /* ldap_schema.h */ = {isa = PBXFileReference; fileEncoding = 4; lastKnownFileType = sourcecode.c.h; path = ldap_schema.h; sourceTree = "<group>"; };
		7B04EFD217FC624B006087EB /* ldap_utf8.h */ = {isa = PBXFileReference; fileEncoding = 4; lastKnownFileType = sourcecode.c.h; path = ldap_utf8.h; sourceTree = "<group>"; };
		7B04EFD417FC624B006087EB /* libcrypto.a */ = {isa = PBXFileReference; lastKnownFileType = archive.ar; path = libcrypto.a; sourceTree = "<group>"; };
		7B04EFD517FC624B006087EB /* liblber.a */ = {isa = PBXFileReference; lastKnownFileType = archive.ar; path = liblber.a; sourceTree = "<group>"; };
		7B04EFD617FC624B006087EB /* libldap.a */ = {isa = PBXFileReference; lastKnownFileType = archive.ar; path = libldap.a; sourceTree = "<group>"; };
		7B04EFD717FC624B006087EB /* libsasl2.a */ = {isa = PBXFileReference; lastKnownFileType = archive.ar; path = libsasl2.a; sourceTree = "<group>"; };
		7B04EFD817FC624B006087EB /* libssl.a */ = {isa = PBXFileReference; lastKnownFileType = archive.ar; path = libssl.a; sourceTree = "<group>"; };
		7B04EFD917FC624B006087EB /* RHLDAPSearch.h */ = {isa = PBXFileReference; fileEncoding = 4; lastKnownFileType = sourcecode.c.h; path = RHLDAPSearch.h; sourceTree = "<group>"; };
		7B04EFDA17FC624B006087EB /* RHLDAPSearch.m */ = {isa = PBXFileReference; fileEncoding = 4; lastKnownFileType = sourcecode.c.objc; path = RHLDAPSearch.m; sourceTree = "<group>"; };
		7B1E784018077526008F343A /* i4.png */ = {isa = PBXFileReference; lastKnownFileType = image.png; path = i4.png; sourceTree = "<group>"; };
		7B1E784118077526008F343A /* i5.png */ = {isa = PBXFileReference; lastKnownFileType = image.png; path = i5.png; sourceTree = "<group>"; };
		7B1E784418077533008F343A /* Default-568h@2x.png */ = {isa = PBXFileReference; lastKnownFileType = image.png; name = "Default-568h@2x.png"; path = "../Default-568h@2x.png"; sourceTree = "<group>"; };
		7B1E784618077537008F343A /* Default@2x.png */ = {isa = PBXFileReference; lastKnownFileType = image.png; name = "Default@2x.png"; path = "../Default@2x.png"; sourceTree = "<group>"; };
		7B1E7848180775BD008F343A /* tabbutton.png */ = {isa = PBXFileReference; lastKnownFileType = image.png; path = tabbutton.png; sourceTree = "<group>"; };
		7B1E784E1807771D008F343A /* psuicon.png */ = {isa = PBXFileReference; lastKnownFileType = image.png; name = psuicon.png; path = ../psuicon.png; sourceTree = "<group>"; };
		7B49FC4A182987DE00A4E6C6 /* CoreLocation.framework */ = {isa = PBXFileReference; lastKnownFileType = wrapper.framework; name = CoreLocation.framework; path = System/Library/Frameworks/CoreLocation.framework; sourceTree = SDKROOT; };
		7B49FC4C182987EE00A4E6C6 /* AddressBook.framework */ = {isa = PBXFileReference; lastKnownFileType = wrapper.framework; name = AddressBook.framework; path = System/Library/Frameworks/AddressBook.framework; sourceTree = SDKROOT; };
		7B49FC4E1829880800A4E6C6 /* MapKit.framework */ = {isa = PBXFileReference; lastKnownFileType = wrapper.framework; name = MapKit.framework; path = System/Library/Frameworks/MapKit.framework; sourceTree = SDKROOT; };
		7B49FC501829902700A4E6C6 /* jjkMapViewController.h */ = {isa = PBXFileReference; fileEncoding = 4; lastKnownFileType = sourcecode.c.h; path = jjkMapViewController.h; sourceTree = "<group>"; };
		7B49FC511829902700A4E6C6 /* jjkMapViewController.m */ = {isa = PBXFileReference; fileEncoding = 4; lastKnownFileType = sourcecode.c.objc; path = jjkMapViewController.m; sourceTree = "<group>"; };
		7B6592A11821DF4700025CAE /* jjkAddBuildingViewController.h */ = {isa = PBXFileReference; fileEncoding = 4; lastKnownFileType = sourcecode.c.h; path = jjkAddBuildingViewController.h; sourceTree = "<group>"; };
		7B6592A21821DF4700025CAE /* jjkAddBuildingViewController.m */ = {isa = PBXFileReference; fileEncoding = 4; lastKnownFileType = sourcecode.c.objc; path = jjkAddBuildingViewController.m; sourceTree = "<group>"; };
		7B8CFAA6180377E5004365AB /* agadmin.jpg */ = {isa = PBXFileReference; lastKnownFileType = image.jpeg; path = agadmin.jpg; sourceTree = "<group>"; };
		7B8CFAA7180377E5004365AB /* ageng.jpg */ = {isa = PBXFileReference; lastKnownFileType = image.jpeg; path = ageng.jpg; sourceTree = "<group>"; };
		7B8CFAA8180377E5004365AB /* appliedscience.jpg */ = {isa = PBXFileReference; lastKnownFileType = image.jpeg; path = appliedscience.jpg; sourceTree = "<group>"; };
		7B8CFAA9180377E5004365AB /* armsby.jpg */ = {isa = PBXFileReference; lastKnownFileType = image.jpeg; path = armsby.jpg; sourceTree = "<group>"; };
		7B8CFAAA180377E5004365AB /* arts.jpg */ = {isa = PBXFileReference; lastKnownFileType = image.jpeg; path = arts.jpg; sourceTree = "<group>"; };
		7B8CFAAB180377E5004365AB /* atherton.jpg */ = {isa = PBXFileReference; lastKnownFileType = image.jpeg; path = atherton.jpg; sourceTree = "<group>"; };
		7B8CFAAC180377E5004365AB /* beaver.jpg */ = {isa = PBXFileReference; lastKnownFileType = image.jpeg; path = beaver.jpg; sourceTree = "<group>"; };
		7B8CFAAD180377E5004365AB /* biomechanics.jpg */ = {isa = PBXFileReference; lastKnownFileType = image.jpeg; path = biomechanics.jpg; sourceTree = "<group>"; };
		7B8CFAAE180377E5004365AB /* borland.jpg */ = {isa = PBXFileReference; lastKnownFileType = image.jpeg; path = borland.jpg; sourceTree = "<group>"; };
		7B8CFAAF180377E5004365AB /* boucke.jpg */ = {isa = PBXFileReference; lastKnownFileType = image.jpeg; path = boucke.jpg; sourceTree = "<group>"; };
		7B8CFAB0180377E5004365AB /* brumbaugh.jpg */ = {isa = PBXFileReference; lastKnownFileType = image.jpeg; path = brumbaugh.jpg; sourceTree = "<group>"; };
		7B8CFAB1180377E5004365AB /* brycejordan.jpg */ = {isa = PBXFileReference; lastKnownFileType = image.jpeg; path = brycejordan.jpg; sourceTree = "<group>"; };
		7B8CFAB2180377E5004365AB /* buckhout.jpg */ = {isa = PBXFileReference; lastKnownFileType = image.jpeg; path = buckhout.jpg; sourceTree = "<group>"; };
		7B8CFAB3180377E5004365AB /* burrowes.jpg */ = {isa = PBXFileReference; lastKnownFileType = image.jpeg; path = burrowes.jpg; sourceTree = "<group>"; };
		7B8CFAB4180377E5004365AB /* businessbuilding.jpg */ = {isa = PBXFileReference; lastKnownFileType = image.jpeg; path = businessbuilding.jpg; sourceTree = "<group>"; };
		7B8CFAB5180377E5004365AB /* carnegie.jpg */ = {isa = PBXFileReference; lastKnownFileType = image.jpeg; path = carnegie.jpg; sourceTree = "<group>"; };
		7B8CFAB6180377E5004365AB /* carpenter.jpg */ = {isa = PBXFileReference; lastKnownFileType = image.jpeg; path = carpenter.jpg; sourceTree = "<group>"; };
		7B8CFAB7180377E5004365AB /* chambers.jpg */ = {isa = PBXFileReference; lastKnownFileType = image.jpeg; path = chambers.jpg; sourceTree = "<group>"; };
		7B8CFAB8180377E5004365AB /* chandlee.jpg */ = {isa = PBXFileReference; lastKnownFileType = image.jpeg; path = chandlee.jpg; sourceTree = "<group>"; };
		7B8CFAB9180377E5004365AB /* chapel.jpg */ = {isa = PBXFileReference; lastKnownFileType = image.jpeg; path = chapel.jpg; sourceTree = "<group>"; };
		7B8CFABA180377E5004365AB /* chemistry.jpg */ = {isa = PBXFileReference; lastKnownFileType = image.jpeg; path = chemistry.jpg; sourceTree = "<group>"; };
		7B8CFABB180377E5004365AB /* computer.jpg */ = {isa = PBXFileReference; lastKnownFileType = image.jpeg; path = computer.jpg; sourceTree = "<group>"; };
		7B8CFABC180377E5004365AB /* davey.jpg */ = {isa = PBXFileReference; lastKnownFileType = image.jpeg; path = davey.jpg; sourceTree = "<group>"; };
		7B8CFABD180377E5004365AB /* deike.jpg */ = {isa = PBXFileReference; lastKnownFileType = image.jpeg; path = deike.jpg; sourceTree = "<group>"; };
		7B8CFABE180377E5004365AB /* earthengineeringsciences.jpg */ = {isa = PBXFileReference; lastKnownFileType = image.jpeg; path = earthengineeringsciences.jpg; sourceTree = "<group>"; };
		7B8CFABF180377E5004365AB /* eeeast.jpg */ = {isa = PBXFileReference; lastKnownFileType = image.jpeg; path = eeeast.jpg; sourceTree = "<group>"; };
		7B8CFAC0180377E5004365AB /* eewest.jpg */ = {isa = PBXFileReference; lastKnownFileType = image.jpeg; path = eewest.jpg; sourceTree = "<group>"; };
		7B8CFAC1180377E5004365AB /* eisenhower.jpg */ = {isa = PBXFileReference; lastKnownFileType = image.jpeg; path = eisenhower.jpg; sourceTree = "<group>"; };
		7B8CFAC2180377E5004365AB /* eisenhowerparking.jpg */ = {isa = PBXFileReference; lastKnownFileType = image.jpeg; path = eisenhowerparking.jpg; sourceTree = "<group>"; };
		7B8CFAC3180377E5004365AB /* engunit.jpg */ = {isa = PBXFileReference; lastKnownFileType = image.jpeg; path = engunit.jpg; sourceTree = "<group>"; };
		7B8CFAC4180377E5004365AB /* smeal.jpg */ = {isa = PBXFileReference; lastKnownFileType = image.jpeg; path = smeal.jpg; sourceTree = "<group>"; };
		7B8CFAC5180377E5004365AB /* buildings.plist */ = {isa = PBXFileReference; fileEncoding = 4; lastKnownFileType = text.plist.xml; path = buildings.plist; sourceTree = "<group>"; };
		7B8CFAF1180383D5004365AB /* jjkBuildingViewController.h */ = {isa = PBXFileReference; fileEncoding = 4; lastKnownFileType = sourcecode.c.h; path = jjkBuildingViewController.h; sourceTree = "<group>"; };
		7B8CFAF2180383D5004365AB /* jjkBuildingViewController.m */ = {isa = PBXFileReference; fileEncoding = 4; lastKnownFileType = sourcecode.c.objc; path = jjkBuildingViewController.m; sourceTree = "<group>"; };
		7B9E5617180DCF1C0082955D /* jjkOptionsViewController.h */ = {isa = PBXFileReference; fileEncoding = 4; lastKnownFileType = sourcecode.c.h; path = jjkOptionsViewController.h; sourceTree = "<group>"; };
		7B9E5618180DCF1C0082955D /* jjkOptionsViewController.m */ = {isa = PBXFileReference; fileEncoding = 4; lastKnownFileType = sourcecode.c.objc; path = jjkOptionsViewController.m; sourceTree = "<group>"; };
		7B9E561F180DD41D0082955D /* jjkConstants.h */ = {isa = PBXFileReference; fileEncoding = 4; lastKnownFileType = sourcecode.c.h; path = jjkConstants.h; sourceTree = "<group>"; };
		7B9E5620180DD41D0082955D /* jjkConstants.m */ = {isa = PBXFileReference; fileEncoding = 4; lastKnownFileType = sourcecode.c.objc; path = jjkConstants.m; sourceTree = "<group>"; };
		7B9E562A180F32BA0082955D /* jjkBuildingInfo.h */ = {isa = PBXFileReference; fileEncoding = 4; lastKnownFileType = sourcecode.c.h; path = jjkBuildingInfo.h; sourceTree = "<group>"; };
		7B9E562B180F32BA0082955D /* jjkBuildingInfo.m */ = {isa = PBXFileReference; fileEncoding = 4; lastKnownFileType = sourcecode.c.objc; path = jjkBuildingInfo.m; sourceTree = "<group>"; };
		7BA2A42918061B00004B938A /* jjkDetailedInfoViewController.h */ = {isa = PBXFileReference; fileEncoding = 4; lastKnownFileType = sourcecode.c.h; name = jjkDetailedInfoViewController.h; path = ../jjkDetailedInfoViewController.h; sourceTree = "<group>"; };
		7BA2A42A18061B00004B938A /* jjkDetailedInfoViewController.m */ = {isa = PBXFileReference; fileEncoding = 4; lastKnownFileType = sourcecode.c.objc; name = jjkDetailedInfoViewController.m; path = ../jjkDetailedInfoViewController.m; sourceTree = "<group>"; };
		7BA2A44018063E6A004B938A /* jjkBuildingPhotoViewController.h */ = {isa = PBXFileReference; fileEncoding = 4; lastKnownFileType = sourcecode.c.h; path = jjkBuildingPhotoViewController.h; sourceTree = "<group>"; };
		7BA2A44118063E6A004B938A /* jjkBuildingPhotoViewController.m */ = {isa = PBXFileReference; fileEncoding = 4; lastKnownFileType = sourcecode.c.objc; path = jjkBuildingPhotoViewController.m; sourceTree = "<group>"; };
		7BB90F0D181F1240001C28B5 /* jjkBuildingInfoViewController.h */ = {isa = PBXFileReference; fileEncoding = 4; lastKnownFileType = sourcecode.c.h; path = jjkBuildingInfoViewController.h; sourceTree = "<group>"; };
		7BB90F0E181F1240001C28B5 /* jjkBuildingInfoViewController.m */ = {isa = PBXFileReference; fileEncoding = 4; lastKnownFileType = sourcecode.c.objc; path = jjkBuildingInfoViewController.m; sourceTree = "<group>"; };
		7BC1EDD21815CD370095C90E /* CoreData.framework */ = {isa = PBXFileReference; lastKnownFileType = wrapper.framework; name = CoreData.framework; path = System/Library/Frameworks/CoreData.framework; sourceTree = SDKROOT; };
		7BC1EDD61815CE0A0095C90E /* DataManager.h */ = {isa = PBXFileReference; lastKnownFileType = sourcecode.c.h; path = DataManager.h; sourceTree = "<group>"; };
		7BC1EDD71815CE0A0095C90E /* DataManager.m */ = {isa = PBXFileReference; lastKnownFileType = sourcecode.c.objc; path = DataManager.m; sourceTree = "<group>"; };
		7BC1EDD81815CE0A0095C90E /* DataManagerDelegate.h */ = {isa = PBXFileReference; lastKnownFileType = sourcecode.c.h; path = DataManagerDelegate.h; sourceTree = "<group>"; };
		7BC1EDD91815CE0A0095C90E /* DataSource.h */ = {isa = PBXFileReference; lastKnownFileType = sourcecode.c.h; path = DataSource.h; sourceTree = "<group>"; };
		7BC1EDDA1815CE0A0095C90E /* DataSource.m */ = {isa = PBXFileReference; lastKnownFileType = sourcecode.c.objc; path = DataSource.m; sourceTree = "<group>"; };
		7BC1EDDB1815CE0A0095C90E /* DataSourceCellConfigurer.h */ = {isa = PBXFileReference; lastKnownFileType = sourcecode.c.h; path = DataSourceCellConfigurer.h; sourceTree = "<group>"; };
		7BC1EDF81815D8260095C90E /* Buildings.xcdatamodel */ = {isa = PBXFileReference; lastKnownFileType = wrapper.xcdatamodel; path = Buildings.xcdatamodel; sourceTree = "<group>"; };
		7BC1EDFD1815D9940095C90E /* MyDataManager.h */ = {isa = PBXFileReference; fileEncoding = 4; lastKnownFileType = sourcecode.c.h; path = MyDataManager.h; sourceTree = "<group>"; };
		7BC1EDFE1815D9950095C90E /* MyDataManager.m */ = {isa = PBXFileReference; fileEncoding = 4; lastKnownFileType = sourcecode.c.objc; path = MyDataManager.m; sourceTree = "<group>"; };
		7BC1EE001815DB7A0095C90E /* Building.h */ = {isa = PBXFileReference; fileEncoding = 4; lastKnownFileType = sourcecode.c.h; path = Building.h; sourceTree = "<group>"; };
		7BC1EE011815DB7A0095C90E /* Building.m */ = {isa = PBXFileReference; fileEncoding = 4; lastKnownFileType = sourcecode.c.objc; path = Building.m; sourceTree = "<group>"; };
		7BF1F8941818A9C500493523 /* Building+Name.h */ = {isa = PBXFileReference; fileEncoding = 4; lastKnownFileType = sourcecode.c.h; path = "Building+Name.h"; sourceTree = "<group>"; };
		7BF1F8951818A9C500493523 /* Building+Name.m */ = {isa = PBXFileReference; fileEncoding = 4; lastKnownFileType = sourcecode.c.objc; path = "Building+Name.m"; sourceTree = "<group>"; };
/* End PBXFileReference section */

/* Begin PBXFrameworksBuildPhase section */
		7B04EF9017FC4728006087EB /* Frameworks */ = {
			isa = PBXFrameworksBuildPhase;
			buildActionMask = 2147483647;
			files = (
				7B49FC4F1829880800A4E6C6 /* MapKit.framework in Frameworks */,
				7B49FC4D182987EE00A4E6C6 /* AddressBook.framework in Frameworks */,
				7B49FC4B182987DE00A4E6C6 /* CoreLocation.framework in Frameworks */,
				7BC1EDD51815CD680095C90E /* CoreData.framework in Frameworks */,
				7B04EF9817FC4728006087EB /* UIKit.framework in Frameworks */,
				7B04EF9A17FC4728006087EB /* Foundation.framework in Frameworks */,
				7B04EF9C17FC4728006087EB /* CoreGraphics.framework in Frameworks */,
				7B04EFDB17FC624B006087EB /* libcrypto.a in Frameworks */,
				7B04EFDC17FC624B006087EB /* liblber.a in Frameworks */,
				7B04EFDD17FC624B006087EB /* libldap.a in Frameworks */,
				7B04EFDE17FC624B006087EB /* libsasl2.a in Frameworks */,
				7B04EFDF17FC624B006087EB /* libssl.a in Frameworks */,
			);
			runOnlyForDeploymentPostprocessing = 0;
		};
/* End PBXFrameworksBuildPhase section */

/* Begin PBXGroup section */
		7B04EF8817FC4728006087EB = {
			isa = PBXGroup;
			children = (
				7B04EF9D17FC4728006087EB /* PennStateSearch */,
				7B04EF9617FC4728006087EB /* Frameworks */,
				7B04EF9417FC4728006087EB /* Products */,
			);
			sourceTree = "<group>";
		};
		7B04EF9417FC4728006087EB /* Products */ = {
			isa = PBXGroup;
			children = (
				7B04EF9317FC4728006087EB /* PennStateSearch.app */,
			);
			name = Products;
			sourceTree = "<group>";
		};
		7B04EF9617FC4728006087EB /* Frameworks */ = {
			isa = PBXGroup;
			children = (
				7B49FC4E1829880800A4E6C6 /* MapKit.framework */,
				7B49FC4C182987EE00A4E6C6 /* AddressBook.framework */,
				7B49FC4A182987DE00A4E6C6 /* CoreLocation.framework */,
				7BC1EDD21815CD370095C90E /* CoreData.framework */,
				7B04EF9717FC4728006087EB /* UIKit.framework */,
				7B04EF9917FC4728006087EB /* Foundation.framework */,
				7B04EF9B17FC4728006087EB /* CoreGraphics.framework */,
			);
			name = Frameworks;
			sourceTree = "<group>";
		};
		7B04EF9D17FC4728006087EB /* PennStateSearch */ = {
			isa = PBXGroup;
			children = (
				7B1E782B1807736A008F343A /* Views */,
				7B1E7835180773E1008F343A /* Controllers */,
				7B1E783318077389008F343A /* Model */,
				7B04EF9E17FC4728006087EB /* Supporting Files */,
			);
			path = PennStateSearch;
			sourceTree = "<group>";
		};
		7B04EF9E17FC4728006087EB /* Supporting Files */ = {
			isa = PBXGroup;
			children = (
				7B8CFAA4180377E5004365AB /* Buildings */,
				7B04EFCA17FC624B006087EB /* ldap */,
				7B04EFA017FC4728006087EB /* InfoPlist.strings */,
				7B04EFA617FC4728006087EB /* jjkAppDelegate.h */,
				7B04EFA717FC4728006087EB /* jjkAppDelegate.m */,
				7B1E7848180775BD008F343A /* tabbutton.png */,
				7B1E784018077526008F343A /* i4.png */,
				7B1E784618077537008F343A /* Default@2x.png */,
				7B1E784E1807771D008F343A /* psuicon.png */,
				7B1E784418077533008F343A /* Default-568h@2x.png */,
				7B1E784118077526008F343A /* i5.png */,
				7B04EF9F17FC4728006087EB /* PennStateSearch-Info.plist */,
				7B04EFA317FC4728006087EB /* main.m */,
				7B04EFA517FC4728006087EB /* PennStateSearch-Prefix.pch */,
				7B04EFA917FC4728006087EB /* Default.png */,
				7B9E561F180DD41D0082955D /* jjkConstants.h */,
				7B9E5620180DD41D0082955D /* jjkConstants.m */,
			);
			name = "Supporting Files";
			sourceTree = "<group>";
		};
		7B04EFCA17FC624B006087EB /* ldap */ = {
			isa = PBXGroup;
			children = (
				7B04EFCB17FC624B006087EB /* include */,
				7B04EFD317FC624B006087EB /* lib */,
				7B04EFD917FC624B006087EB /* RHLDAPSearch.h */,
				7B04EFDA17FC624B006087EB /* RHLDAPSearch.m */,
			);
			path = ldap;
			sourceTree = "<group>";
		};
		7B04EFCB17FC624B006087EB /* include */ = {
			isa = PBXGroup;
			children = (
				7B04EFCC17FC624B006087EB /* lber.h */,
				7B04EFCD17FC624B006087EB /* lber_types.h */,
				7B04EFCE17FC624B006087EB /* ldap.h */,
				7B04EFCF17FC624B006087EB /* ldap_cdefs.h */,
				7B04EFD017FC624B006087EB /* ldap_features.h */,
				7B04EFD117FC624B006087EB /* ldap_schema.h */,
				7B04EFD217FC624B006087EB /* ldap_utf8.h */,
			);
			path = include;
			sourceTree = "<group>";
		};
		7B04EFD317FC624B006087EB /* lib */ = {
			isa = PBXGroup;
			children = (
				7B04EFD417FC624B006087EB /* libcrypto.a */,
				7B04EFD517FC624B006087EB /* liblber.a */,
				7B04EFD617FC624B006087EB /* libldap.a */,
				7B04EFD717FC624B006087EB /* libsasl2.a */,
				7B04EFD817FC624B006087EB /* libssl.a */,
			);
			path = lib;
			sourceTree = "<group>";
		};
		7B1E782B1807736A008F343A /* Views */ = {
			isa = PBXGroup;
			children = (
				7B04EFAF17FC4729006087EB /* MainStoryboard.storyboard */,
			);
			name = Views;
			sourceTree = "<group>";
		};
		7B1E783318077389008F343A /* Model */ = {
			isa = PBXGroup;
			children = (
				7BC1EDD61815CE0A0095C90E /* DataManager.h */,
				7BC1EDD71815CE0A0095C90E /* DataManager.m */,
				7BC1EDD81815CE0A0095C90E /* DataManagerDelegate.h */,
				7BC1EDD91815CE0A0095C90E /* DataSource.h */,
				7BC1EDDA1815CE0A0095C90E /* DataSource.m */,
				7BC1EDDB1815CE0A0095C90E /* DataSourceCellConfigurer.h */,
				7B9E562A180F32BA0082955D /* jjkBuildingInfo.h */,
				7B9E562B180F32BA0082955D /* jjkBuildingInfo.m */,
				7B04EFBD17FC48F1006087EB /* Model.h */,
				7B04EFBE17FC48F1006087EB /* Model.m */,
				7BC1EDF71815D8260095C90E /* Buildings.xcdatamodeld */,
				7BC1EE001815DB7A0095C90E /* Building.h */,
				7BC1EE011815DB7A0095C90E /* Building.m */,
				7BC1EDFD1815D9940095C90E /* MyDataManager.h */,
				7BC1EDFE1815D9950095C90E /* MyDataManager.m */,
				7BF1F8941818A9C500493523 /* Building+Name.h */,
				7BF1F8951818A9C500493523 /* Building+Name.m */,
			);
			name = Model;
			sourceTree = "<group>";
		};
		7B1E7835180773E1008F343A /* Controllers */ = {
			isa = PBXGroup;
			children = (
				7B04EFBA17FC48D9006087EB /* jjkTableViewController.h */,
				7B04EFBB17FC48D9006087EB /* jjkTableViewController.m */,
				7B8CFAF1180383D5004365AB /* jjkBuildingViewController.h */,
				7B8CFAF2180383D5004365AB /* jjkBuildingViewController.m */,
				7B04EFB217FC4729006087EB /* jjkViewController.h */,
				7B04EFB317FC4729006087EB /* jjkViewController.m */,
				7BA2A44018063E6A004B938A /* jjkBuildingPhotoViewController.h */,
				7BA2A44118063E6A004B938A /* jjkBuildingPhotoViewController.m */,
				7BA2A42918061B00004B938A /* jjkDetailedInfoViewController.h */,
				7BA2A42A18061B00004B938A /* jjkDetailedInfoViewController.m */,
				7B9E5617180DCF1C0082955D /* jjkOptionsViewController.h */,
				7B9E5618180DCF1C0082955D /* jjkOptionsViewController.m */,
				7BB90F0D181F1240001C28B5 /* jjkBuildingInfoViewController.h */,
				7BB90F0E181F1240001C28B5 /* jjkBuildingInfoViewController.m */,
				7B6592A11821DF4700025CAE /* jjkAddBuildingViewController.h */,
				7B6592A21821DF4700025CAE /* jjkAddBuildingViewController.m */,
				7B49FC501829902700A4E6C6 /* jjkMapViewController.h */,
				7B49FC511829902700A4E6C6 /* jjkMapViewController.m */,
			);
			name = Controllers;
			sourceTree = "<group>";
		};
		7B8CFAA4180377E5004365AB /* Buildings */ = {
			isa = PBXGroup;
			children = (
				7B8CFAA5180377E5004365AB /* buildings */,
				7B8CFAC5180377E5004365AB /* buildings.plist */,
			);
			path = Buildings;
			sourceTree = "<group>";
		};
		7B8CFAA5180377E5004365AB /* buildings */ = {
			isa = PBXGroup;
			children = (
				7B8CFAA6180377E5004365AB /* agadmin.jpg */,
				7B8CFAA7180377E5004365AB /* ageng.jpg */,
				7B8CFAA8180377E5004365AB /* appliedscience.jpg */,
				7B8CFAA9180377E5004365AB /* armsby.jpg */,
				7B8CFAAA180377E5004365AB /* arts.jpg */,
				7B8CFAAB180377E5004365AB /* atherton.jpg */,
				7B8CFAAC180377E5004365AB /* beaver.jpg */,
				7B8CFAAD180377E5004365AB /* biomechanics.jpg */,
				7B8CFAAE180377E5004365AB /* borland.jpg */,
				7B8CFAAF180377E5004365AB /* boucke.jpg */,
				7B8CFAB0180377E5004365AB /* brumbaugh.jpg */,
				7B8CFAB1180377E5004365AB /* brycejordan.jpg */,
				7B8CFAB2180377E5004365AB /* buckhout.jpg */,
				7B8CFAB3180377E5004365AB /* burrowes.jpg */,
				7B8CFAB4180377E5004365AB /* businessbuilding.jpg */,
				7B8CFAB5180377E5004365AB /* carnegie.jpg */,
				7B8CFAB6180377E5004365AB /* carpenter.jpg */,
				7B8CFAB7180377E5004365AB /* chambers.jpg */,
				7B8CFAB8180377E5004365AB /* chandlee.jpg */,
				7B8CFAB9180377E5004365AB /* chapel.jpg */,
				7B8CFABA180377E5004365AB /* chemistry.jpg */,
				7B8CFABB180377E5004365AB /* computer.jpg */,
				7B8CFABC180377E5004365AB /* davey.jpg */,
				7B8CFABD180377E5004365AB /* deike.jpg */,
				7B8CFABE180377E5004365AB /* earthengineeringsciences.jpg */,
				7B8CFABF180377E5004365AB /* eeeast.jpg */,
				7B8CFAC0180377E5004365AB /* eewest.jpg */,
				7B8CFAC1180377E5004365AB /* eisenhower.jpg */,
				7B8CFAC2180377E5004365AB /* eisenhowerparking.jpg */,
				7B8CFAC3180377E5004365AB /* engunit.jpg */,
				7B8CFAC4180377E5004365AB /* smeal.jpg */,
			);
			path = buildings;
			sourceTree = "<group>";
		};
/* End PBXGroup section */

/* Begin PBXNativeTarget section */
		7B04EF9217FC4728006087EB /* PennStateSearch */ = {
			isa = PBXNativeTarget;
			buildConfigurationList = 7B04EFB717FC4729006087EB /* Build configuration list for PBXNativeTarget "PennStateSearch" */;
			buildPhases = (
				7B04EF8F17FC4728006087EB /* Sources */,
				7B04EF9017FC4728006087EB /* Frameworks */,
				7B04EF9117FC4728006087EB /* Resources */,
			);
			buildRules = (
			);
			dependencies = (
			);
			name = PennStateSearch;
			productName = PennStateSearch;
			productReference = 7B04EF9317FC4728006087EB /* PennStateSearch.app */;
			productType = "com.apple.product-type.application";
		};
/* End PBXNativeTarget section */

/* Begin PBXProject section */
		7B04EF8A17FC4728006087EB /* Project object */ = {
			isa = PBXProject;
			attributes = {
				CLASSPREFIX = jjk;
				LastUpgradeCheck = 0450;
				ORGANIZATIONNAME = "Joshua Kuiros";
			};
			buildConfigurationList = 7B04EF8D17FC4728006087EB /* Build configuration list for PBXProject "PennStateSearch" */;
			compatibilityVersion = "Xcode 3.2";
			developmentRegion = English;
			hasScannedForEncodings = 0;
			knownRegions = (
				en,
			);
			mainGroup = 7B04EF8817FC4728006087EB;
			productRefGroup = 7B04EF9417FC4728006087EB /* Products */;
			projectDirPath = "";
			projectRoot = "";
			targets = (
				7B04EF9217FC4728006087EB /* PennStateSearch */,
			);
		};
/* End PBXProject section */

/* Begin PBXResourcesBuildPhase section */
		7B04EF9117FC4728006087EB /* Resources */ = {
			isa = PBXResourcesBuildPhase;
			buildActionMask = 2147483647;
			files = (
				7B04EFA217FC4728006087EB /* InfoPlist.strings in Resources */,
				7B04EFAA17FC4728006087EB /* Default.png in Resources */,
				7B04EFB117FC4729006087EB /* MainStoryboard.storyboard in Resources */,
				7B8CFAC6180377E5004365AB /* agadmin.jpg in Resources */,
				7B8CFAC7180377E5004365AB /* ageng.jpg in Resources */,
				7B8CFAC8180377E5004365AB /* appliedscience.jpg in Resources */,
				7B8CFAC9180377E5004365AB /* armsby.jpg in Resources */,
				7B8CFACA180377E5004365AB /* arts.jpg in Resources */,
				7B8CFACB180377E5004365AB /* atherton.jpg in Resources */,
				7B8CFACC180377E5004365AB /* beaver.jpg in Resources */,
				7B8CFACD180377E5004365AB /* biomechanics.jpg in Resources */,
				7B8CFACE180377E5004365AB /* borland.jpg in Resources */,
				7B8CFACF180377E5004365AB /* boucke.jpg in Resources */,
				7B8CFAD0180377E5004365AB /* brumbaugh.jpg in Resources */,
				7B8CFAD1180377E5004365AB /* brycejordan.jpg in Resources */,
				7B8CFAD2180377E5004365AB /* buckhout.jpg in Resources */,
				7B8CFAD3180377E5004365AB /* burrowes.jpg in Resources */,
				7B8CFAD4180377E5004365AB /* businessbuilding.jpg in Resources */,
				7B8CFAD5180377E5004365AB /* carnegie.jpg in Resources */,
				7B8CFAD6180377E5004365AB /* carpenter.jpg in Resources */,
				7B8CFAD7180377E5004365AB /* chambers.jpg in Resources */,
				7B8CFAD8180377E5004365AB /* chandlee.jpg in Resources */,
				7B8CFAD9180377E5004365AB /* chapel.jpg in Resources */,
				7B8CFADA180377E5004365AB /* chemistry.jpg in Resources */,
				7B8CFADB180377E5004365AB /* computer.jpg in Resources */,
				7B8CFADC180377E5004365AB /* davey.jpg in Resources */,
				7B8CFADD180377E5004365AB /* deike.jpg in Resources */,
				7B8CFADE180377E5004365AB /* earthengineeringsciences.jpg in Resources */,
				7B8CFADF180377E5004365AB /* eeeast.jpg in Resources */,
				7B8CFAE0180377E5004365AB /* eewest.jpg in Resources */,
				7B8CFAE1180377E5004365AB /* eisenhower.jpg in Resources */,
				7B8CFAE2180377E5004365AB /* eisenhowerparking.jpg in Resources */,
				7B8CFAE3180377E5004365AB /* engunit.jpg in Resources */,
				7B8CFAE4180377E5004365AB /* smeal.jpg in Resources */,
				7B8CFAE5180377E5004365AB /* buildings.plist in Resources */,
				7B1E784218077526008F343A /* i4.png in Resources */,
				7B1E784318077526008F343A /* i5.png in Resources */,
				7B1E7849180775BD008F343A /* tabbutton.png in Resources */,
				7B1E784F1807771D008F343A /* psuicon.png in Resources */,
				7B1E785018077A57008F343A /* Default-568h@2x.png in Resources */,
				7B1E785118077A5E008F343A /* Default@2x.png in Resources */,
			);
			runOnlyForDeploymentPostprocessing = 0;
		};
/* End PBXResourcesBuildPhase section */

/* Begin PBXSourcesBuildPhase section */
		7B04EF8F17FC4728006087EB /* Sources */ = {
			isa = PBXSourcesBuildPhase;
			buildActionMask = 2147483647;
			files = (
				7BC1EE091815E1AF0095C90E /* DataSource.m in Sources */,
				7BC1EE071815E1A50095C90E /* DataManager.m in Sources */,
				7B6592A31821DF4700025CAE /* jjkAddBuildingViewController.m in Sources */,
				7B04EFA417FC4728006087EB /* main.m in Sources */,
				7B04EFA817FC4728006087EB /* jjkAppDelegate.m in Sources */,
				7B04EFB417FC4729006087EB /* jjkViewController.m in Sources */,
				7B04EFBC17FC48D9006087EB /* jjkTableViewController.m in Sources */,
				7B49FC521829902700A4E6C6 /* jjkMapViewController.m in Sources */,
				7B04EFBF17FC48F1006087EB /* Model.m in Sources */,
				7BB90F0F181F1240001C28B5 /* jjkBuildingInfoViewController.m in Sources */,
				7B04EFE017FC624B006087EB /* RHLDAPSearch.m in Sources */,
				7B8CFAF3180383D5004365AB /* jjkBuildingViewController.m in Sources */,
				7BA2A42B18061B00004B938A /* jjkDetailedInfoViewController.m in Sources */,
				7BA2A44218063E6A004B938A /* jjkBuildingPhotoViewController.m in Sources */,
				7B9E5619180DCF1C0082955D /* jjkOptionsViewController.m in Sources */,
				7B9E5621180DD41D0082955D /* jjkConstants.m in Sources */,
				7B9E562C180F32BA0082955D /* jjkBuildingInfo.m in Sources */,
				7BC1EDF91815D8260095C90E /* Buildings.xcdatamodeld in Sources */,
				7BC1EDFF1815D9950095C90E /* MyDataManager.m in Sources */,
				7BC1EE021815DB7A0095C90E /* Building.m in Sources */,
				7BF1F8961818A9C500493523 /* Building+Name.m in Sources */,
			);
			runOnlyForDeploymentPostprocessing = 0;
		};
/* End PBXSourcesBuildPhase section */

/* Begin PBXVariantGroup section */
		7B04EFA017FC4728006087EB /* InfoPlist.strings */ = {
			isa = PBXVariantGroup;
			children = (
				7B04EFA117FC4728006087EB /* en */,
			);
			name = InfoPlist.strings;
			sourceTree = "<group>";
		};
		7B04EFAF17FC4729006087EB /* MainStoryboard.storyboard */ = {
			isa = PBXVariantGroup;
			children = (
				7B04EFB017FC4729006087EB /* en */,
			);
			name = MainStoryboard.storyboard;
			sourceTree = "<group>";
		};
/* End PBXVariantGroup section */

/* Begin XCBuildConfiguration section */
		7B04EFB517FC4729006087EB /* Debug */ = {
			isa = XCBuildConfiguration;
			buildSettings = {
				ALWAYS_SEARCH_USER_PATHS = NO;
				CLANG_CXX_LANGUAGE_STANDARD = "gnu++0x";
				CLANG_CXX_LIBRARY = "libc++";
				CLANG_ENABLE_OBJC_ARC = YES;
				CLANG_WARN_EMPTY_BODY = YES;
				CLANG_WARN__DUPLICATE_METHOD_MATCH = YES;
				"CODE_SIGN_IDENTITY[sdk=iphoneos*]" = "iPhone Developer";
				COPY_PHASE_STRIP = NO;
				GCC_C_LANGUAGE_STANDARD = gnu99;
				GCC_DYNAMIC_NO_PIC = NO;
				GCC_OPTIMIZATION_LEVEL = 0;
				GCC_PREPROCESSOR_DEFINITIONS = (
					"DEBUG=1",
					"$(inherited)",
				);
				GCC_SYMBOLS_PRIVATE_EXTERN = NO;
				GCC_WARN_ABOUT_RETURN_TYPE = YES;
				GCC_WARN_UNINITIALIZED_AUTOS = YES;
				GCC_WARN_UNUSED_VARIABLE = YES;
				IPHONEOS_DEPLOYMENT_TARGET = 6.0;
				ONLY_ACTIVE_ARCH = YES;
				SDKROOT = iphoneos;
			};
			name = Debug;
		};
		7B04EFB617FC4729006087EB /* Release */ = {
			isa = XCBuildConfiguration;
			buildSettings = {
				ALWAYS_SEARCH_USER_PATHS = NO;
				CLANG_CXX_LANGUAGE_STANDARD = "gnu++0x";
				CLANG_CXX_LIBRARY = "libc++";
				CLANG_ENABLE_OBJC_ARC = YES;
				CLANG_WARN_EMPTY_BODY = YES;
				CLANG_WARN__DUPLICATE_METHOD_MATCH = YES;
				"CODE_SIGN_IDENTITY[sdk=iphoneos*]" = "iPhone Developer";
				COPY_PHASE_STRIP = YES;
				GCC_C_LANGUAGE_STANDARD = gnu99;
				GCC_WARN_ABOUT_RETURN_TYPE = YES;
				GCC_WARN_UNINITIALIZED_AUTOS = YES;
				GCC_WARN_UNUSED_VARIABLE = YES;
				IPHONEOS_DEPLOYMENT_TARGET = 6.0;
				OTHER_CFLAGS = "-DNS_BLOCK_ASSERTIONS=1";
				SDKROOT = iphoneos;
				VALIDATE_PRODUCT = YES;
			};
			name = Release;
		};
		7B04EFB817FC4729006087EB /* Debug */ = {
			isa = XCBuildConfiguration;
			buildSettings = {
				GCC_PRECOMPILE_PREFIX_HEADER = YES;
				GCC_PREFIX_HEADER = "PennStateSearch/PennStateSearch-Prefix.pch";
				INFOPLIST_FILE = "PennStateSearch/PennStateSearch-Info.plist";
				IPHONEOS_DEPLOYMENT_TARGET = 6.1;
				LIBRARY_SEARCH_PATHS = (
					"$(inherited)",
					"\"$(SRCROOT)/PennStateSearch/ldap/lib\"",
				);
				PRODUCT_NAME = "$(TARGET_NAME)";
				PUBLIC_HEADERS_FOLDER_PATH = PennStateSearch/ldap/include;
				WRAPPER_EXTENSION = app;
			};
			name = Debug;
		};
		7B04EFB917FC4729006087EB /* Release */ = {
			isa = XCBuildConfiguration;
			buildSettings = {
				GCC_PRECOMPILE_PREFIX_HEADER = YES;
				GCC_PREFIX_HEADER = "PennStateSearch/PennStateSearch-Prefix.pch";
				INFOPLIST_FILE = "PennStateSearch/PennStateSearch-Info.plist";
				IPHONEOS_DEPLOYMENT_TARGET = 6.1;
				LIBRARY_SEARCH_PATHS = (
					"$(inherited)",
					"\"$(SRCROOT)/PennStateSearch/ldap/lib\"",
				);
				PRODUCT_NAME = "$(TARGET_NAME)";
				PUBLIC_HEADERS_FOLDER_PATH = PennStateSearch/ldap/include;
				WRAPPER_EXTENSION = app;
			};
			name = Release;
		};
/* End XCBuildConfiguration section */

/* Begin XCConfigurationList section */
		7B04EF8D17FC4728006087EB /* Build configuration list for PBXProject "PennStateSearch" */ = {
			isa = XCConfigurationList;
			buildConfigurations = (
				7B04EFB517FC4729006087EB /* Debug */,
				7B04EFB617FC4729006087EB /* Release */,
			);
			defaultConfigurationIsVisible = 0;
			defaultConfigurationName = Release;
		};
		7B04EFB717FC4729006087EB /* Build configuration list for PBXNativeTarget "PennStateSearch" */ = {
			isa = XCConfigurationList;
			buildConfigurations = (
				7B04EFB817FC4729006087EB /* Debug */,
				7B04EFB917FC4729006087EB /* Release */,
			);
			defaultConfigurationIsVisible = 0;
			defaultConfigurationName = Release;
		};
/* End XCConfigurationList section */

/* Begin XCVersionGroup section */
		7BC1EDF71815D8260095C90E /* Buildings.xcdatamodeld */ = {
			isa = XCVersionGroup;
			children = (
				7BC1EDF81815D8260095C90E /* Buildings.xcdatamodel */,
			);
			currentVersion = 7BC1EDF81815D8260095C90E /* Buildings.xcdatamodel */;
			path = Buildings.xcdatamodeld;
			sourceTree = "<group>";
			versionGroupType = wrapper.xcdatamodel;
		};
/* End XCVersionGroup section */
	};
	rootObject = 7B04EF8A17FC4728006087EB /* Project object */;
}
